
Microsoft Visual Studio Solution File, Format Version 12.00
# Visual Studio Version 16
VisualStudioVersion = 16.0.30517.126
MinimumVisualStudioVersion = 10.0.40219.1
Project("{FAE04EC0-301F-11D3-BF4B-00C04F79EFBC}") = "WebApplicationCRUD", "WebApplicationCRUD.csproj", "{43A8272F-540A-4ECC-A9E1-D7C5B4EC09A0}"
EndProject
Global
	GlobalSection(SolutionConfigurationPlatforms) = preSolution
		Debug|Any CPU = Debug|Any CPU
		Release|Any CPU = Release|Any CPU
	EndGlobalSection
	GlobalSection(ProjectConfigurationPlatforms) = postSolution
		{43A8272F-540A-4ECC-A9E1-D7C5B4EC09A0}.Debug|Any CPU.ActiveCfg = Debug|Any CPU
		{43A8272F-540A-4ECC-A9E1-D7C5B4EC09A0}.Debug|Any CPU.Build.0 = Debug|Any CPU
		{43A8272F-540A-4ECC-A9E1-D7C5B4EC09A0}.Release|Any CPU.ActiveCfg = Release|Any CPU
		{43A8272F-540A-4ECC-A9E1-D7C5B4EC09A0}.Release|Any CPU.Build.0 = Release|Any CPU
	EndGlobalSection
	GlobalSection(SolutionProperties) = preSolution
		HideSolutionNode = FALSE
	EndGlobalSection
	GlobalSection(ExtensibilityGlobals) = postSolution
		SolutionGuid = {B54E646A-CE66-44B6-B7C7-448B66353F2D}
	EndGlobalSection
EndGlobal
